
Microsoft Visual Studio Solution File, Format Version 12.00
# Visual Studio Version 17
VisualStudioVersion = 17.9.34902.65
MinimumVisualStudioVersion = 10.0.40219.1
Project("{FAE04EC0-301F-11D3-BF4B-00C04F79EFBC}") = "XUnit-Övning-Bokhanteringssystem", "XUnit-Övning-Bokhanteringssystem\XUnit-Övning-Bokhanteringssystem.csproj", "{07D9B4F9-5629-4B9A-B874-5D563BE82CA1}"
EndProject
Global
	GlobalSection(SolutionConfigurationPlatforms) = preSolution
		Debug|Any CPU = Debug|Any CPU
		Release|Any CPU = Release|Any CPU
	EndGlobalSection
	GlobalSection(ProjectConfigurationPlatforms) = postSolution
		{07D9B4F9-5629-4B9A-B874-5D563BE82CA1}.Debug|Any CPU.ActiveCfg = Debug|Any CPU
		{07D9B4F9-5629-4B9A-B874-5D563BE82CA1}.Debug|Any CPU.Build.0 = Debug|Any CPU
		{07D9B4F9-5629-4B9A-B874-5D563BE82CA1}.Release|Any CPU.ActiveCfg = Release|Any CPU
		{07D9B4F9-5629-4B9A-B874-5D563BE82CA1}.Release|Any CPU.Build.0 = Release|Any CPU
	EndGlobalSection
	GlobalSection(SolutionProperties) = preSolution
		HideSolutionNode = FALSE
	EndGlobalSection
	GlobalSection(ExtensibilityGlobals) = postSolution
		SolutionGuid = {1F3F7D1D-F614-40CB-B925-640AFC8CDE2D}
	EndGlobalSection
EndGlobal
